
Microsoft Visual Studio Solution File, Format Version 12.00
# Visual Studio Version 17
VisualStudioVersion = 17.9.34701.34
MinimumVisualStudioVersion = 10.0.40219.1
Project("{FAE04EC0-301F-11D3-BF4B-00C04F79EFBC}") = "Catalog.API", "Services\Catalog\Catalog.API\Catalog.API.csproj", "{B27DFE7E-522B-48BD-9128-666BE1D32324}"
EndProject
Global
	GlobalSection(SolutionConfigurationPlatforms) = preSolution
		Debug|Any CPU = Debug|Any CPU
		Release|Any CPU = Release|Any CPU
	EndGlobalSection
	GlobalSection(ProjectConfigurationPlatforms) = postSolution
		{B27DFE7E-522B-48BD-9128-666BE1D32324}.Debug|Any CPU.ActiveCfg = Debug|Any CPU
		{B27DFE7E-522B-48BD-9128-666BE1D32324}.Debug|Any CPU.Build.0 = Debug|Any CPU
		{B27DFE7E-522B-48BD-9128-666BE1D32324}.Release|Any CPU.ActiveCfg = Release|Any CPU
		{B27DFE7E-522B-48BD-9128-666BE1D32324}.Release|Any CPU.Build.0 = Release|Any CPU
	EndGlobalSection
	GlobalSection(SolutionProperties) = preSolution
		HideSolutionNode = FALSE
	EndGlobalSection
	GlobalSection(ExtensibilityGlobals) = postSolution
		SolutionGuid = {952317C7-54A7-46E1-8C82-92B1A48B875F}
	EndGlobalSection
EndGlobal
